
Microsoft Visual Studio Solution File, Format Version 12.00
# Visual Studio Version 17
VisualStudioVersion = 17.8.34511.84
MinimumVisualStudioVersion = 10.0.40219.1
Project("{FAE04EC0-301F-11D3-BF4B-00C04F79EFBC}") = "20-InheritanceInCSharp", "20-InheritanceInCSharp.csproj", "{B10A450F-174C-40D5-84C2-5010C56DA1E7}"
EndProject
Global
	GlobalSection(SolutionConfigurationPlatforms) = preSolution
		Debug|Any CPU = Debug|Any CPU
		Release|Any CPU = Release|Any CPU
	EndGlobalSection
	GlobalSection(ProjectConfigurationPlatforms) = postSolution
		{B10A450F-174C-40D5-84C2-5010C56DA1E7}.Debug|Any CPU.ActiveCfg = Debug|Any CPU
		{B10A450F-174C-40D5-84C2-5010C56DA1E7}.Debug|Any CPU.Build.0 = Debug|Any CPU
		{B10A450F-174C-40D5-84C2-5010C56DA1E7}.Release|Any CPU.ActiveCfg = Release|Any CPU
		{B10A450F-174C-40D5-84C2-5010C56DA1E7}.Release|Any CPU.Build.0 = Release|Any CPU
	EndGlobalSection
	GlobalSection(SolutionProperties) = preSolution
		HideSolutionNode = FALSE
	EndGlobalSection
	GlobalSection(ExtensibilityGlobals) = postSolution
		SolutionGuid = {EEEDC641-B57F-4721-9CD9-049512178355}
	EndGlobalSection
EndGlobal
